
Microsoft Visual Studio Solution File, Format Version 12.00
# Visual Studio 15
VisualStudioVersion = 15.0.28307.106
MinimumVisualStudioVersion = 10.0.40219.1
Project("{FAE04EC0-301F-11D3-BF4B-00C04F79EFBC}") = "ef_task5", "ef_task5\ef_task5.csproj", "{0E197E45-0AF2-456B-BCBB-3BD9A0080717}"
EndProject
Project("{FAE04EC0-301F-11D3-BF4B-00C04F79EFBC}") = "DAL", "DAL\DAL.csproj", "{10846878-1D12-4EE7-8315-0CBAE60FEA72}"
EndProject
Global
	GlobalSection(SolutionConfigurationPlatforms) = preSolution
		Debug|Any CPU = Debug|Any CPU
		Release|Any CPU = Release|Any CPU
	EndGlobalSection
	GlobalSection(ProjectConfigurationPlatforms) = postSolution
		{0E197E45-0AF2-456B-BCBB-3BD9A0080717}.Debug|Any CPU.ActiveCfg = Debug|Any CPU
		{0E197E45-0AF2-456B-BCBB-3BD9A0080717}.Debug|Any CPU.Build.0 = Debug|Any CPU
		{0E197E45-0AF2-456B-BCBB-3BD9A0080717}.Release|Any CPU.ActiveCfg = Release|Any CPU
		{0E197E45-0AF2-456B-BCBB-3BD9A0080717}.Release|Any CPU.Build.0 = Release|Any CPU
		{10846878-1D12-4EE7-8315-0CBAE60FEA72}.Debug|Any CPU.ActiveCfg = Debug|Any CPU
		{10846878-1D12-4EE7-8315-0CBAE60FEA72}.Debug|Any CPU.Build.0 = Debug|Any CPU
		{10846878-1D12-4EE7-8315-0CBAE60FEA72}.Release|Any CPU.ActiveCfg = Release|Any CPU
		{10846878-1D12-4EE7-8315-0CBAE60FEA72}.Release|Any CPU.Build.0 = Release|Any CPU
	EndGlobalSection
	GlobalSection(SolutionProperties) = preSolution
		HideSolutionNode = FALSE
	EndGlobalSection
	GlobalSection(ExtensibilityGlobals) = postSolution
		SolutionGuid = {F5D2FEDB-B9B7-441C-AA6F-7BC2BDEB0269}
	EndGlobalSection
EndGlobal
